// !$*UTF8*$!
{
	archiveVersion = 1;
	classes = {
	};
	objectVersion = 55;
	objects = {

/* Begin PBXBuildFile section */
		52BCD934282BF6AD007CE3EE /* AppDelegate.swift in Sources */ = {isa = PBXBuildFile; fileRef = 52BCD933282BF6AD007CE3EE /* AppDelegate.swift */; };
		52BCD936282BF6AD007CE3EE /* SceneDelegate.swift in Sources */ = {isa = PBXBuildFile; fileRef = 52BCD935282BF6AD007CE3EE /* SceneDelegate.swift */; };
		52BCD93D282BF6B0007CE3EE /* Assets.xcassets in Resources */ = {isa = PBXBuildFile; fileRef = 52BCD93C282BF6B0007CE3EE /* Assets.xcassets */; };
		52BCD940282BF6B0007CE3EE /* LaunchScreen.storyboard in Resources */ = {isa = PBXBuildFile; fileRef = 52BCD93E282BF6B0007CE3EE /* LaunchScreen.storyboard */; };
		C39976D6282BFBA40057AB6D /* InitialViewController.swift in Sources */ = {isa = PBXBuildFile; fileRef = C39976D5282BFBA40057AB6D /* InitialViewController.swift */; };
		C39976D8282C05990057AB6D /* HomeViewController.swift in Sources */ = {isa = PBXBuildFile; fileRef = C39976D7282C05990057AB6D /* HomeViewController.swift */; };
		C39976DA282C05B10057AB6D /* FavoritesViewController.swift in Sources */ = {isa = PBXBuildFile; fileRef = C39976D9282C05B10057AB6D /* FavoritesViewController.swift */; };
		C39976DC282C05C30057AB6D /* SearchViewController.swift in Sources */ = {isa = PBXBuildFile; fileRef = C39976DB282C05C30057AB6D /* SearchViewController.swift */; };
		C39976DE282C05E20057AB6D /* CocktailDetailsViewController.swift in Sources */ = {isa = PBXBuildFile; fileRef = C39976DD282C05E20057AB6D /* CocktailDetailsViewController.swift */; };
		C39976E0282C065A0057AB6D /* AppRouter.swift in Sources */ = {isa = PBXBuildFile; fileRef = C39976DF282C065A0057AB6D /* AppRouter.swift */; };
		C39976E2282C067A0057AB6D /* AppRouterProtocol.swift in Sources */ = {isa = PBXBuildFile; fileRef = C39976E1282C067A0057AB6D /* AppRouterProtocol.swift */; };
/* End PBXBuildFile section */

/* Begin PBXFileReference section */
		52BCD930282BF6AD007CE3EE /* CocktailApp.app */ = {isa = PBXFileReference; explicitFileType = wrapper.application; includeInIndex = 0; path = CocktailApp.app; sourceTree = BUILT_PRODUCTS_DIR; };
		52BCD933282BF6AD007CE3EE /* AppDelegate.swift */ = {isa = PBXFileReference; lastKnownFileType = sourcecode.swift; path = AppDelegate.swift; sourceTree = "<group>"; };
		52BCD935282BF6AD007CE3EE /* SceneDelegate.swift */ = {isa = PBXFileReference; lastKnownFileType = sourcecode.swift; path = SceneDelegate.swift; sourceTree = "<group>"; };
		52BCD93C282BF6B0007CE3EE /* Assets.xcassets */ = {isa = PBXFileReference; lastKnownFileType = folder.assetcatalog; path = Assets.xcassets; sourceTree = "<group>"; };
		52BCD93F282BF6B0007CE3EE /* Base */ = {isa = PBXFileReference; lastKnownFileType = file.storyboard; name = Base; path = Base.lproj/LaunchScreen.storyboard; sourceTree = "<group>"; };
		52BCD941282BF6B0007CE3EE /* Info.plist */ = {isa = PBXFileReference; lastKnownFileType = text.plist.xml; path = Info.plist; sourceTree = "<group>"; };
		C39976D5282BFBA40057AB6D /* InitialViewController.swift */ = {isa = PBXFileReference; lastKnownFileType = sourcecode.swift; path = InitialViewController.swift; sourceTree = "<group>"; };
		C39976D7282C05990057AB6D /* HomeViewController.swift */ = {isa = PBXFileReference; lastKnownFileType = sourcecode.swift; path = HomeViewController.swift; sourceTree = "<group>"; };
		C39976D9282C05B10057AB6D /* FavoritesViewController.swift */ = {isa = PBXFileReference; lastKnownFileType = sourcecode.swift; path = FavoritesViewController.swift; sourceTree = "<group>"; };
		C39976DB282C05C30057AB6D /* SearchViewController.swift */ = {isa = PBXFileReference; lastKnownFileType = sourcecode.swift; path = SearchViewController.swift; sourceTree = "<group>"; };
		C39976DD282C05E20057AB6D /* CocktailDetailsViewController.swift */ = {isa = PBXFileReference; lastKnownFileType = sourcecode.swift; path = CocktailDetailsViewController.swift; sourceTree = "<group>"; };
		C39976DF282C065A0057AB6D /* AppRouter.swift */ = {isa = PBXFileReference; lastKnownFileType = sourcecode.swift; path = AppRouter.swift; sourceTree = "<group>"; };
		C39976E1282C067A0057AB6D /* AppRouterProtocol.swift */ = {isa = PBXFileReference; lastKnownFileType = sourcecode.swift; path = AppRouterProtocol.swift; sourceTree = "<group>"; };
/* End PBXFileReference section */

/* Begin PBXFrameworksBuildPhase section */
		52BCD92D282BF6AD007CE3EE /* Frameworks */ = {
			isa = PBXFrameworksBuildPhase;
			buildActionMask = 2147483647;
			files = (
			);
			runOnlyForDeploymentPostprocessing = 0;
		};
/* End PBXFrameworksBuildPhase section */

/* Begin PBXGroup section */
		52BCD927282BF6AD007CE3EE = {
			isa = PBXGroup;
			children = (
				52BCD932282BF6AD007CE3EE /* CocktailApp */,
				52BCD931282BF6AD007CE3EE /* Products */,
			);
			sourceTree = "<group>";
		};
		52BCD931282BF6AD007CE3EE /* Products */ = {
			isa = PBXGroup;
			children = (
				52BCD930282BF6AD007CE3EE /* CocktailApp.app */,
			);
			name = Products;
			sourceTree = "<group>";
		};
		52BCD932282BF6AD007CE3EE /* CocktailApp */ = {
			isa = PBXGroup;
			children = (
				52BCD933282BF6AD007CE3EE /* AppDelegate.swift */,
				52BCD935282BF6AD007CE3EE /* SceneDelegate.swift */,
				52BCD93C282BF6B0007CE3EE /* Assets.xcassets */,
				52BCD93E282BF6B0007CE3EE /* LaunchScreen.storyboard */,
				52BCD941282BF6B0007CE3EE /* Info.plist */,
				C39976D5282BFBA40057AB6D /* InitialViewController.swift */,
				C39976D7282C05990057AB6D /* HomeViewController.swift */,
				C39976D9282C05B10057AB6D /* FavoritesViewController.swift */,
				C39976DB282C05C30057AB6D /* SearchViewController.swift */,
				C39976DD282C05E20057AB6D /* CocktailDetailsViewController.swift */,
				C39976DF282C065A0057AB6D /* AppRouter.swift */,
				C39976E1282C067A0057AB6D /* AppRouterProtocol.swift */,
			);
			path = CocktailApp;
			sourceTree = "<group>";
		};
/* End PBXGroup section */

/* Begin PBXNativeTarget section */
		52BCD92F282BF6AD007CE3EE /* CocktailApp */ = {
			isa = PBXNativeTarget;
			buildConfigurationList = 52BCD944282BF6B0007CE3EE /* Build configuration list for PBXNativeTarget "CocktailApp" */;
			buildPhases = (
				52BCD92C282BF6AD007CE3EE /* Sources */,
				52BCD92D282BF6AD007CE3EE /* Frameworks */,
				52BCD92E282BF6AD007CE3EE /* Resources */,
			);
			buildRules = (
			);
			dependencies = (
			);
			name = CocktailApp;
			productName = CocktailApp;
			productReference = 52BCD930282BF6AD007CE3EE /* CocktailApp.app */;
			productType = "com.apple.product-type.application";
		};
/* End PBXNativeTarget section */

/* Begin PBXProject section */
		52BCD928282BF6AD007CE3EE /* Project object */ = {
			isa = PBXProject;
			attributes = {
				BuildIndependentTargetsInParallel = 1;
				LastSwiftUpdateCheck = 1320;
				LastUpgradeCheck = 1320;
				TargetAttributes = {
					52BCD92F282BF6AD007CE3EE = {
						CreatedOnToolsVersion = 13.2.1;
					};
				};
			};
			buildConfigurationList = 52BCD92B282BF6AD007CE3EE /* Build configuration list for PBXProject "CocktailApp" */;
			compatibilityVersion = "Xcode 13.0";
			developmentRegion = en;
			hasScannedForEncodings = 0;
			knownRegions = (
				en,
				Base,
			);
			mainGroup = 52BCD927282BF6AD007CE3EE;
			productRefGroup = 52BCD931282BF6AD007CE3EE /* Products */;
			projectDirPath = "";
			projectRoot = "";
			targets = (
				52BCD92F282BF6AD007CE3EE /* CocktailApp */,
			);
		};
/* End PBXProject section */

/* Begin PBXResourcesBuildPhase section */
		52BCD92E282BF6AD007CE3EE /* Resources */ = {
			isa = PBXResourcesBuildPhase;
			buildActionMask = 2147483647;
			files = (
				52BCD940282BF6B0007CE3EE /* LaunchScreen.storyboard in Resources */,
				52BCD93D282BF6B0007CE3EE /* Assets.xcassets in Resources */,
			);
			runOnlyForDeploymentPostprocessing = 0;
		};
/* End PBXResourcesBuildPhase section */

/* Begin PBXSourcesBuildPhase section */
		52BCD92C282BF6AD007CE3EE /* Sources */ = {
			isa = PBXSourcesBuildPhase;
			buildActionMask = 2147483647;
			files = (
				C39976DC282C05C30057AB6D /* SearchViewController.swift in Sources */,
				C39976D6282BFBA40057AB6D /* InitialViewController.swift in Sources */,
				52BCD934282BF6AD007CE3EE /* AppDelegate.swift in Sources */,
				52BCD936282BF6AD007CE3EE /* SceneDelegate.swift in Sources */,
				C39976E2282C067A0057AB6D /* AppRouterProtocol.swift in Sources */,
				C39976E0282C065A0057AB6D /* AppRouter.swift in Sources */,
				C39976DE282C05E20057AB6D /* CocktailDetailsViewController.swift in Sources */,
				C39976DA282C05B10057AB6D /* FavoritesViewController.swift in Sources */,
				C39976D8282C05990057AB6D /* HomeViewController.swift in Sources */,
			);
			runOnlyForDeploymentPostprocessing = 0;
		};
/* End PBXSourcesBuildPhase section */

/* Begin PBXVariantGroup section */
		52BCD93E282BF6B0007CE3EE /* LaunchScreen.storyboard */ = {
			isa = PBXVariantGroup;
			children = (
				52BCD93F282BF6B0007CE3EE /* Base */,
			);
			name = LaunchScreen.storyboard;
			sourceTree = "<group>";
		};
/* End PBXVariantGroup section */

/* Begin XCBuildConfiguration section */
		52BCD942282BF6B0007CE3EE /* Debug */ = {
			isa = XCBuildConfiguration;
			buildSettings = {
				ALWAYS_SEARCH_USER_PATHS = NO;
				CLANG_ANALYZER_NONNULL = YES;
				CLANG_ANALYZER_NUMBER_OBJECT_CONVERSION = YES_AGGRESSIVE;
				CLANG_CXX_LANGUAGE_STANDARD = "gnu++17";
				CLANG_CXX_LIBRARY = "libc++";
				CLANG_ENABLE_MODULES = YES;
				CLANG_ENABLE_OBJC_ARC = YES;
				CLANG_ENABLE_OBJC_WEAK = YES;
				CLANG_WARN_BLOCK_CAPTURE_AUTORELEASING = YES;
				CLANG_WARN_BOOL_CONVERSION = YES;
				CLANG_WARN_COMMA = YES;
				CLANG_WARN_CONSTANT_CONVERSION = YES;
				CLANG_WARN_DEPRECATED_OBJC_IMPLEMENTATIONS = YES;
				CLANG_WARN_DIRECT_OBJC_ISA_USAGE = YES_ERROR;
				CLANG_WARN_DOCUMENTATION_COMMENTS = YES;
				CLANG_WARN_EMPTY_BODY = YES;
				CLANG_WARN_ENUM_CONVERSION = YES;
				CLANG_WARN_INFINITE_RECURSION = YES;
				CLANG_WARN_INT_CONVERSION = YES;
				CLANG_WARN_NON_LITERAL_NULL_CONVERSION = YES;
				CLANG_WARN_OBJC_IMPLICIT_RETAIN_SELF = YES;
				CLANG_WARN_OBJC_LITERAL_CONVERSION = YES;
				CLANG_WARN_OBJC_ROOT_CLASS = YES_ERROR;
				CLANG_WARN_QUOTED_INCLUDE_IN_FRAMEWORK_HEADER = YES;
				CLANG_WARN_RANGE_LOOP_ANALYSIS = YES;
				CLANG_WARN_STRICT_PROTOTYPES = YES;
				CLANG_WARN_SUSPICIOUS_MOVE = YES;
				CLANG_WARN_UNGUARDED_AVAILABILITY = YES_AGGRESSIVE;
				CLANG_WARN_UNREACHABLE_CODE = YES;
				CLANG_WARN__DUPLICATE_METHOD_MATCH = YES;
				COPY_PHASE_STRIP = NO;
				DEBUG_INFORMATION_FORMAT = dwarf;
				ENABLE_STRICT_OBJC_MSGSEND = YES;
				ENABLE_TESTABILITY = YES;
				GCC_C_LANGUAGE_STANDARD = gnu11;
				GCC_DYNAMIC_NO_PIC = NO;
				GCC_NO_COMMON_BLOCKS = YES;
				GCC_OPTIMIZATION_LEVEL = 0;
				GCC_PREPROCESSOR_DEFINITIONS = (
					"DEBUG=1",
					"$(inherited)",
				);
				GCC_WARN_64_TO_32_BIT_CONVERSION = YES;
				GCC_WARN_ABOUT_RETURN_TYPE = YES_ERROR;
				GCC_WARN_UNDECLARED_SELECTOR = YES;
				GCC_WARN_UNINITIALIZED_AUTOS = YES_AGGRESSIVE;
				GCC_WARN_UNUSED_FUNCTION = YES;
				GCC_WARN_UNUSED_VARIABLE = YES;
				IPHONEOS_DEPLOYMENT_TARGET = 15.2;
				MTL_ENABLE_DEBUG_INFO = INCLUDE_SOURCE;
				MTL_FAST_MATH = YES;
				ONLY_ACTIVE_ARCH = YES;
				SDKROOT = iphoneos;
				SWIFT_ACTIVE_COMPILATION_CONDITIONS = DEBUG;
				SWIFT_OPTIMIZATION_LEVEL = "-Onone";
			};
			name = Debug;
		};
		52BCD943282BF6B0007CE3EE /* Release */ = {
			isa = XCBuildConfiguration;
			buildSettings = {
				ALWAYS_SEARCH_USER_PATHS = NO;
				CLANG_ANALYZER_NONNULL = YES;
				CLANG_ANALYZER_NUMBER_OBJECT_CONVERSION = YES_AGGRESSIVE;
				CLANG_CXX_LANGUAGE_STANDARD = "gnu++17";
				CLANG_CXX_LIBRARY = "libc++";
				CLANG_ENABLE_MODULES = YES;
				CLANG_ENABLE_OBJC_ARC = YES;
				CLANG_ENABLE_OBJC_WEAK = YES;
				CLANG_WARN_BLOCK_CAPTURE_AUTORELEASING = YES;
				CLANG_WARN_BOOL_CONVERSION = YES;
				CLANG_WARN_COMMA = YES;
				CLANG_WARN_CONSTANT_CONVERSION = YES;
				CLANG_WARN_DEPRECATED_OBJC_IMPLEMENTATIONS = YES;
				CLANG_WARN_DIRECT_OBJC_ISA_USAGE = YES_ERROR;
				CLANG_WARN_DOCUMENTATION_COMMENTS = YES;
				CLANG_WARN_EMPTY_BODY = YES;
				CLANG_WARN_ENUM_CONVERSION = YES;
				CLANG_WARN_INFINITE_RECURSION = YES;
				CLANG_WARN_INT_CONVERSION = YES;
				CLANG_WARN_NON_LITERAL_NULL_CONVERSION = YES;
				CLANG_WARN_OBJC_IMPLICIT_RETAIN_SELF = YES;
				CLANG_WARN_OBJC_LITERAL_CONVERSION = YES;
				CLANG_WARN_OBJC_ROOT_CLASS = YES_ERROR;
				CLANG_WARN_QUOTED_INCLUDE_IN_FRAMEWORK_HEADER = YES;
				CLANG_WARN_RANGE_LOOP_ANALYSIS = YES;
				CLANG_WARN_STRICT_PROTOTYPES = YES;
				CLANG_WARN_SUSPICIOUS_MOVE = YES;
				CLANG_WARN_UNGUARDED_AVAILABILITY = YES_AGGRESSIVE;
				CLANG_WARN_UNREACHABLE_CODE = YES;
				CLANG_WARN__DUPLICATE_METHOD_MATCH = YES;
				COPY_PHASE_STRIP = NO;
				DEBUG_INFORMATION_FORMAT = "dwarf-with-dsym";
				ENABLE_NS_ASSERTIONS = NO;
				ENABLE_STRICT_OBJC_MSGSEND = YES;
				GCC_C_LANGUAGE_STANDARD = gnu11;
				GCC_NO_COMMON_BLOCKS = YES;
				GCC_WARN_64_TO_32_BIT_CONVERSION = YES;
				GCC_WARN_ABOUT_RETURN_TYPE = YES_ERROR;
				GCC_WARN_UNDECLARED_SELECTOR = YES;
				GCC_WARN_UNINITIALIZED_AUTOS = YES_AGGRESSIVE;
				GCC_WARN_UNUSED_FUNCTION = YES;
				GCC_WARN_UNUSED_VARIABLE = YES;
				IPHONEOS_DEPLOYMENT_TARGET = 15.2;
				MTL_ENABLE_DEBUG_INFO = NO;
				MTL_FAST_MATH = YES;
				SDKROOT = iphoneos;
				SWIFT_COMPILATION_MODE = wholemodule;
				SWIFT_OPTIMIZATION_LEVEL = "-O";
				VALIDATE_PRODUCT = YES;
			};
			name = Release;
		};
		52BCD945282BF6B0007CE3EE /* Debug */ = {
			isa = XCBuildConfiguration;
			buildSettings = {
				ASSETCATALOG_COMPILER_APPICON_NAME = AppIcon;
				ASSETCATALOG_COMPILER_GLOBAL_ACCENT_COLOR_NAME = AccentColor;
				CODE_SIGN_STYLE = Automatic;
				CURRENT_PROJECT_VERSION = 1;
				GENERATE_INFOPLIST_FILE = YES;
				INFOPLIST_FILE = CocktailApp/Info.plist;
				INFOPLIST_KEY_UIApplicationSupportsIndirectInputEvents = YES;
				INFOPLIST_KEY_UILaunchStoryboardName = LaunchScreen;
				INFOPLIST_KEY_UISupportedInterfaceOrientations_iPad = "UIInterfaceOrientationPortrait UIInterfaceOrientationPortraitUpsideDown UIInterfaceOrientationLandscapeLeft UIInterfaceOrientationLandscapeRight";
				INFOPLIST_KEY_UISupportedInterfaceOrientations_iPhone = "UIInterfaceOrientationPortrait UIInterfaceOrientationLandscapeLeft UIInterfaceOrientationLandscapeRight";
				LD_RUNPATH_SEARCH_PATHS = (
					"$(inherited)",
					"@executable_path/Frameworks",
				);
				MARKETING_VERSION = 1.0;
				PRODUCT_BUNDLE_IDENTIFIER = hr.fer.lazar.supe.CocktailApp;
				PRODUCT_NAME = "$(TARGET_NAME)";
				SWIFT_EMIT_LOC_STRINGS = YES;
				SWIFT_VERSION = 5.0;
				TARGETED_DEVICE_FAMILY = "1,2";
			};
			name = Debug;
		};
		52BCD946282BF6B0007CE3EE /* Release */ = {
			isa = XCBuildConfiguration;
			buildSettings = {
				ASSETCATALOG_COMPILER_APPICON_NAME = AppIcon;
				ASSETCATALOG_COMPILER_GLOBAL_ACCENT_COLOR_NAME = AccentColor;
				CODE_SIGN_STYLE = Automatic;
				CURRENT_PROJECT_VERSION = 1;
				GENERATE_INFOPLIST_FILE = YES;
				INFOPLIST_FILE = CocktailApp/Info.plist;
				INFOPLIST_KEY_UIApplicationSupportsIndirectInputEvents = YES;
				INFOPLIST_KEY_UILaunchStoryboardName = LaunchScreen;
				INFOPLIST_KEY_UISupportedInterfaceOrientations_iPad = "UIInterfaceOrientationPortrait UIInterfaceOrientationPortraitUpsideDown UIInterfaceOrientationLandscapeLeft UIInterfaceOrientationLandscapeRight";
				INFOPLIST_KEY_UISupportedInterfaceOrientations_iPhone = "UIInterfaceOrientationPortrait UIInterfaceOrientationLandscapeLeft UIInterfaceOrientationLandscapeRight";
				LD_RUNPATH_SEARCH_PATHS = (
					"$(inherited)",
					"@executable_path/Frameworks",
				);
				MARKETING_VERSION = 1.0;
				PRODUCT_BUNDLE_IDENTIFIER = hr.fer.lazar.supe.CocktailApp;
				PRODUCT_NAME = "$(TARGET_NAME)";
				SWIFT_EMIT_LOC_STRINGS = YES;
				SWIFT_VERSION = 5.0;
				TARGETED_DEVICE_FAMILY = "1,2";
			};
			name = Release;
		};
/* End XCBuildConfiguration section */

/* Begin XCConfigurationList section */
		52BCD92B282BF6AD007CE3EE /* Build configuration list for PBXProject "CocktailApp" */ = {
			isa = XCConfigurationList;
			buildConfigurations = (
				52BCD942282BF6B0007CE3EE /* Debug */,
				52BCD943282BF6B0007CE3EE /* Release */,
			);
			defaultConfigurationIsVisible = 0;
			defaultConfigurationName = Release;
		};
		52BCD944282BF6B0007CE3EE /* Build configuration list for PBXNativeTarget "CocktailApp" */ = {
			isa = XCConfigurationList;
			buildConfigurations = (
				52BCD945282BF6B0007CE3EE /* Debug */,
				52BCD946282BF6B0007CE3EE /* Release */,
			);
			defaultConfigurationIsVisible = 0;
			defaultConfigurationName = Release;
		};
/* End XCConfigurationList section */
	};
	rootObject = 52BCD928282BF6AD007CE3EE /* Project object */;
}
